
Microsoft Visual Studio Solution File, Format Version 12.00
# Visual Studio Version 17
VisualStudioVersion = 17.2.32616.157
MinimumVisualStudioVersion = 10.0.40219.1
Project("{9A19103F-16F7-4668-BE54-9A1E7A4F7556}") = "Login", "Login\Login.csproj", "{EA28B439-0F3D-4CB5-B55E-D174DB2F7713}"
EndProject
Global
	GlobalSection(SolutionConfigurationPlatforms) = preSolution
		Debug|Any CPU = Debug|Any CPU
		Release|Any CPU = Release|Any CPU
	EndGlobalSection
	GlobalSection(ProjectConfigurationPlatforms) = postSolution
		{EA28B439-0F3D-4CB5-B55E-D174DB2F7713}.Debug|Any CPU.ActiveCfg = Debug|Any CPU
		{EA28B439-0F3D-4CB5-B55E-D174DB2F7713}.Debug|Any CPU.Build.0 = Debug|Any CPU
		{EA28B439-0F3D-4CB5-B55E-D174DB2F7713}.Release|Any CPU.ActiveCfg = Release|Any CPU
		{EA28B439-0F3D-4CB5-B55E-D174DB2F7713}.Release|Any CPU.Build.0 = Release|Any CPU
	EndGlobalSection
	GlobalSection(SolutionProperties) = preSolution
		HideSolutionNode = FALSE
	EndGlobalSection
	GlobalSection(ExtensibilityGlobals) = postSolution
		SolutionGuid = {06FF246A-57C2-49DE-B75B-FBF6559937E1}
	EndGlobalSection
EndGlobal
